
Microsoft Visual Studio Solution File, Format Version 12.00
# Visual Studio Version 17
VisualStudioVersion = 17.5.33530.505
MinimumVisualStudioVersion = 10.0.40219.1
Project("{FAE04EC0-301F-11D3-BF4B-00C04F79EFBC}") = "ConsoleApp1", "ConsoleApp1\ConsoleApp1.csproj", "{8870E2EF-69AE-482D-B7E8-34885B93BF7C}"
EndProject
Global
	GlobalSection(SolutionConfigurationPlatforms) = preSolution
		Debug|Any CPU = Debug|Any CPU
		Release|Any CPU = Release|Any CPU
	EndGlobalSection
	GlobalSection(ProjectConfigurationPlatforms) = postSolution
		{8870E2EF-69AE-482D-B7E8-34885B93BF7C}.Debug|Any CPU.ActiveCfg = Debug|Any CPU
		{8870E2EF-69AE-482D-B7E8-34885B93BF7C}.Debug|Any CPU.Build.0 = Debug|Any CPU
		{8870E2EF-69AE-482D-B7E8-34885B93BF7C}.Release|Any CPU.ActiveCfg = Release|Any CPU
		{8870E2EF-69AE-482D-B7E8-34885B93BF7C}.Release|Any CPU.Build.0 = Release|Any CPU
	EndGlobalSection
	GlobalSection(SolutionProperties) = preSolution
		HideSolutionNode = FALSE
	EndGlobalSection
	GlobalSection(ExtensibilityGlobals) = postSolution
		SolutionGuid = {2CD409B4-DE6F-4CBF-9C84-DB4FC1049019}
	EndGlobalSection
EndGlobal
